
Microsoft Visual Studio Solution File, Format Version 12.00
# Visual Studio Version 17
VisualStudioVersion = 17.9.34723.18
MinimumVisualStudioVersion = 10.0.40219.1
Project("{2150E333-8FDC-42A3-9474-1A3956D46DE8}") = "Microservices", "Microservices", "{325A56C2-29C7-400C-AB70-7E39A78C3769}"
EndProject
Project("{FAE04EC0-301F-11D3-BF4B-00C04F79EFBC}") = "InternetDataService", "InternetDataService\InternetDataService.csproj", "{F619ACCE-5FB5-4BFF-8858-C590C9985CC8}"
EndProject
Project("{FAE04EC0-301F-11D3-BF4B-00C04F79EFBC}") = "CalculationService", "CalculationService\CalculationService.csproj", "{9DFAE2AE-70E4-413E-8779-5BD51B3882D8}"
EndProject
Project("{FAE04EC0-301F-11D3-BF4B-00C04F79EFBC}") = "DataService", "DataService\DataService.csproj", "{7496E0BF-D90D-41A1-9995-8083C5D591BD}"
EndProject
Global
	GlobalSection(SolutionConfigurationPlatforms) = preSolution
		Debug|Any CPU = Debug|Any CPU
		Release|Any CPU = Release|Any CPU
	EndGlobalSection
	GlobalSection(ProjectConfigurationPlatforms) = postSolution
		{F619ACCE-5FB5-4BFF-8858-C590C9985CC8}.Debug|Any CPU.ActiveCfg = Debug|Any CPU
		{F619ACCE-5FB5-4BFF-8858-C590C9985CC8}.Debug|Any CPU.Build.0 = Debug|Any CPU
		{F619ACCE-5FB5-4BFF-8858-C590C9985CC8}.Release|Any CPU.ActiveCfg = Release|Any CPU
		{F619ACCE-5FB5-4BFF-8858-C590C9985CC8}.Release|Any CPU.Build.0 = Release|Any CPU
		{9DFAE2AE-70E4-413E-8779-5BD51B3882D8}.Debug|Any CPU.ActiveCfg = Debug|Any CPU
		{9DFAE2AE-70E4-413E-8779-5BD51B3882D8}.Debug|Any CPU.Build.0 = Debug|Any CPU
		{9DFAE2AE-70E4-413E-8779-5BD51B3882D8}.Release|Any CPU.ActiveCfg = Release|Any CPU
		{9DFAE2AE-70E4-413E-8779-5BD51B3882D8}.Release|Any CPU.Build.0 = Release|Any CPU
		{7496E0BF-D90D-41A1-9995-8083C5D591BD}.Debug|Any CPU.ActiveCfg = Debug|Any CPU
		{7496E0BF-D90D-41A1-9995-8083C5D591BD}.Debug|Any CPU.Build.0 = Debug|Any CPU
		{7496E0BF-D90D-41A1-9995-8083C5D591BD}.Release|Any CPU.ActiveCfg = Release|Any CPU
		{7496E0BF-D90D-41A1-9995-8083C5D591BD}.Release|Any CPU.Build.0 = Release|Any CPU
	EndGlobalSection
	GlobalSection(SolutionProperties) = preSolution
		HideSolutionNode = FALSE
	EndGlobalSection
	GlobalSection(NestedProjects) = preSolution
		{F619ACCE-5FB5-4BFF-8858-C590C9985CC8} = {325A56C2-29C7-400C-AB70-7E39A78C3769}
		{9DFAE2AE-70E4-413E-8779-5BD51B3882D8} = {325A56C2-29C7-400C-AB70-7E39A78C3769}
		{7496E0BF-D90D-41A1-9995-8083C5D591BD} = {325A56C2-29C7-400C-AB70-7E39A78C3769}
	EndGlobalSection
	GlobalSection(ExtensibilityGlobals) = postSolution
		SolutionGuid = {F171887C-0619-402D-90F9-304CD5FD223F}
	EndGlobalSection
EndGlobal
